
Microsoft Visual Studio Solution File, Format Version 12.00
# Visual Studio Version 16
VisualStudioVersion = 16.0.31624.102
MinimumVisualStudioVersion = 10.0.40219.1
Project("{FAE04EC0-301F-11D3-BF4B-00C04F79EFBC}") = "ShopAppV2.Entities", "ShopAppV2.Entities\ShopAppV2.Entities.csproj", "{57BC3FE7-9A59-4E03-88CD-A69EA43DCC65}"
EndProject
Project("{FAE04EC0-301F-11D3-BF4B-00C04F79EFBC}") = "ShopAppV2.DataAccess", "ShopAppV2.DataAccess\ShopAppV2.DataAccess.csproj", "{66789166-B386-4A19-9D3E-9022E5BB2338}"
EndProject
Project("{FAE04EC0-301F-11D3-BF4B-00C04F79EFBC}") = "ShopAppV2.Business", "ShopAppV2.Business\ShopAppV2.Business.csproj", "{2C896792-6232-422B-A1E7-3AC964EA7F60}"
EndProject
Project("{FAE04EC0-301F-11D3-BF4B-00C04F79EFBC}") = "ShopAppV2.WebUI", "ShopAppV2.WebUI\ShopAppV2.WebUI.csproj", "{7B74DA4B-3F7E-413E-BE0A-107754A33FEA}"
EndProject
Global
	GlobalSection(SolutionConfigurationPlatforms) = preSolution
		Debug|Any CPU = Debug|Any CPU
		Release|Any CPU = Release|Any CPU
	EndGlobalSection
	GlobalSection(ProjectConfigurationPlatforms) = postSolution
		{57BC3FE7-9A59-4E03-88CD-A69EA43DCC65}.Debug|Any CPU.ActiveCfg = Debug|Any CPU
		{57BC3FE7-9A59-4E03-88CD-A69EA43DCC65}.Debug|Any CPU.Build.0 = Debug|Any CPU
		{57BC3FE7-9A59-4E03-88CD-A69EA43DCC65}.Release|Any CPU.ActiveCfg = Release|Any CPU
		{57BC3FE7-9A59-4E03-88CD-A69EA43DCC65}.Release|Any CPU.Build.0 = Release|Any CPU
		{66789166-B386-4A19-9D3E-9022E5BB2338}.Debug|Any CPU.ActiveCfg = Debug|Any CPU
		{66789166-B386-4A19-9D3E-9022E5BB2338}.Debug|Any CPU.Build.0 = Debug|Any CPU
		{66789166-B386-4A19-9D3E-9022E5BB2338}.Release|Any CPU.ActiveCfg = Release|Any CPU
		{66789166-B386-4A19-9D3E-9022E5BB2338}.Release|Any CPU.Build.0 = Release|Any CPU
		{2C896792-6232-422B-A1E7-3AC964EA7F60}.Debug|Any CPU.ActiveCfg = Debug|Any CPU
		{2C896792-6232-422B-A1E7-3AC964EA7F60}.Debug|Any CPU.Build.0 = Debug|Any CPU
		{2C896792-6232-422B-A1E7-3AC964EA7F60}.Release|Any CPU.ActiveCfg = Release|Any CPU
		{2C896792-6232-422B-A1E7-3AC964EA7F60}.Release|Any CPU.Build.0 = Release|Any CPU
		{7B74DA4B-3F7E-413E-BE0A-107754A33FEA}.Debug|Any CPU.ActiveCfg = Debug|Any CPU
		{7B74DA4B-3F7E-413E-BE0A-107754A33FEA}.Debug|Any CPU.Build.0 = Debug|Any CPU
		{7B74DA4B-3F7E-413E-BE0A-107754A33FEA}.Release|Any CPU.ActiveCfg = Release|Any CPU
		{7B74DA4B-3F7E-413E-BE0A-107754A33FEA}.Release|Any CPU.Build.0 = Release|Any CPU
	EndGlobalSection
	GlobalSection(SolutionProperties) = preSolution
		HideSolutionNode = FALSE
	EndGlobalSection
	GlobalSection(ExtensibilityGlobals) = postSolution
		SolutionGuid = {BBF00131-8E36-444A-9A86-369D9FCE95FC}
	EndGlobalSection
EndGlobal
